
Microsoft Visual Studio Solution File, Format Version 12.00
# Visual Studio Version 17
VisualStudioVersion = 17.14.36623.8 d17.14
MinimumVisualStudioVersion = 10.0.40219.1
Project("{FAE04EC0-301F-11D3-BF4B-00C04F79EFBC}") = "abp_conference", "abp_conference.csproj", "{DF9066CF-52C1-4831-919B-1A6981D47E67}"
EndProject
Global
	GlobalSection(SolutionConfigurationPlatforms) = preSolution
		Debug|Any CPU = Debug|Any CPU
		Release|Any CPU = Release|Any CPU
	EndGlobalSection
	GlobalSection(ProjectConfigurationPlatforms) = postSolution
		{DF9066CF-52C1-4831-919B-1A6981D47E67}.Debug|Any CPU.ActiveCfg = Debug|Any CPU
		{DF9066CF-52C1-4831-919B-1A6981D47E67}.Debug|Any CPU.Build.0 = Debug|Any CPU
		{DF9066CF-52C1-4831-919B-1A6981D47E67}.Release|Any CPU.ActiveCfg = Release|Any CPU
		{DF9066CF-52C1-4831-919B-1A6981D47E67}.Release|Any CPU.Build.0 = Release|Any CPU
	EndGlobalSection
	GlobalSection(SolutionProperties) = preSolution
		HideSolutionNode = FALSE
	EndGlobalSection
	GlobalSection(ExtensibilityGlobals) = postSolution
		SolutionGuid = {1DB73567-A71E-428D-A707-0265DF7F0EBF}
	EndGlobalSection
EndGlobal
